// !$*UTF8*$!
{
	archiveVersion = 1;
	classes = {
	};
	objectVersion = 46;
	objects = {

/* Begin PBXBuildFile section */
		450ED4ED1D477ACA00B21270 /* AppDelegate.swift in Sources */ = {isa = PBXBuildFile; fileRef = 450ED4EC1D477ACA00B21270 /* AppDelegate.swift */; };
		450ED4EF1D477ACA00B21270 /* ViewController.swift in Sources */ = {isa = PBXBuildFile; fileRef = 450ED4EE1D477ACA00B21270 /* ViewController.swift */; };
		450ED4F21D477ACA00B21270 /* Main.storyboard in Resources */ = {isa = PBXBuildFile; fileRef = 450ED4F01D477ACA00B21270 /* Main.storyboard */; };
		450ED4F41D477ACA00B21270 /* Assets.xcassets in Resources */ = {isa = PBXBuildFile; fileRef = 450ED4F31D477ACA00B21270 /* Assets.xcassets */; };
		450ED4F71D477ACA00B21270 /* LaunchScreen.storyboard in Resources */ = {isa = PBXBuildFile; fileRef = 450ED4F51D477ACA00B21270 /* LaunchScreen.storyboard */; };
		450ED5021D477ACA00B21270 /* CollegeTests.swift in Sources */ = {isa = PBXBuildFile; fileRef = 450ED5011D477ACA00B21270 /* CollegeTests.swift */; };
		450ED50D1D477ACA00B21270 /* CollegeUITests.swift in Sources */ = {isa = PBXBuildFile; fileRef = 450ED50C1D477ACA00B21270 /* CollegeUITests.swift */; };
		450ED51B1D477B2D00B21270 /* CollegeClass.swift in Sources */ = {isa = PBXBuildFile; fileRef = 450ED51A1D477B2D00B21270 /* CollegeClass.swift */; };
		450ED51D1D4783CF00B21270 /* DetailedViewController.swift in Sources */ = {isa = PBXBuildFile; fileRef = 450ED51C1D4783CF00B21270 /* DetailedViewController.swift */; };
/* End PBXBuildFile section */

/* Begin PBXContainerItemProxy section */
		450ED4FE1D477ACA00B21270 /* PBXContainerItemProxy */ = {
			isa = PBXContainerItemProxy;
			containerPortal = 450ED4E11D477ACA00B21270 /* Project object */;
			proxyType = 1;
			remoteGlobalIDString = 450ED4E81D477ACA00B21270;
			remoteInfo = College;
		};
		450ED5091D477ACA00B21270 /* PBXContainerItemProxy */ = {
			isa = PBXContainerItemProxy;
			containerPortal = 450ED4E11D477ACA00B21270 /* Project object */;
			proxyType = 1;
			remoteGlobalIDString = 450ED4E81D477ACA00B21270;
			remoteInfo = College;
		};
/* End PBXContainerItemProxy section */

/* Begin PBXFileReference section */
		450ED4E91D477ACA00B21270 /* College.app */ = {isa = PBXFileReference; explicitFileType = wrapper.application; includeInIndex = 0; path = College.app; sourceTree = BUILT_PRODUCTS_DIR; };
		450ED4EC1D477ACA00B21270 /* AppDelegate.swift */ = {isa = PBXFileReference; lastKnownFileType = sourcecode.swift; path = AppDelegate.swift; sourceTree = "<group>"; };
		450ED4EE1D477ACA00B21270 /* ViewController.swift */ = {isa = PBXFileReference; lastKnownFileType = sourcecode.swift; path = ViewController.swift; sourceTree = "<group>"; };
		450ED4F11D477ACA00B21270 /* Base */ = {isa = PBXFileReference; lastKnownFileType = file.storyboard; name = Base; path = Base.lproj/Main.storyboard; sourceTree = "<group>"; };
		450ED4F31D477ACA00B21270 /* Assets.xcassets */ = {isa = PBXFileReference; lastKnownFileType = folder.assetcatalog; path = Assets.xcassets; sourceTree = "<group>"; };
		450ED4F61D477ACA00B21270 /* Base */ = {isa = PBXFileReference; lastKnownFileType = file.storyboard; name = Base; path = Base.lproj/LaunchScreen.storyboard; sourceTree = "<group>"; };
		450ED4F81D477ACA00B21270 /* Info.plist */ = {isa = PBXFileReference; lastKnownFileType = text.plist.xml; path = Info.plist; sourceTree = "<group>"; };
		450ED4FD1D477ACA00B21270 /* CollegeTests.xctest */ = {isa = PBXFileReference; explicitFileType = wrapper.cfbundle; includeInIndex = 0; path = CollegeTests.xctest; sourceTree = BUILT_PRODUCTS_DIR; };
		450ED5011D477ACA00B21270 /* CollegeTests.swift */ = {isa = PBXFileReference; lastKnownFileType = sourcecode.swift; path = CollegeTests.swift; sourceTree = "<group>"; };
		450ED5031D477ACA00B21270 /* Info.plist */ = {isa = PBXFileReference; lastKnownFileType = text.plist.xml; path = Info.plist; sourceTree = "<group>"; };
		450ED5081D477ACA00B21270 /* CollegeUITests.xctest */ = {isa = PBXFileReference; explicitFileType = wrapper.cfbundle; includeInIndex = 0; path = CollegeUITests.xctest; sourceTree = BUILT_PRODUCTS_DIR; };
		450ED50C1D477ACA00B21270 /* CollegeUITests.swift */ = {isa = PBXFileReference; lastKnownFileType = sourcecode.swift; path = CollegeUITests.swift; sourceTree = "<group>"; };
		450ED50E1D477ACA00B21270 /* Info.plist */ = {isa = PBXFileReference; lastKnownFileType = text.plist.xml; path = Info.plist; sourceTree = "<group>"; };
		450ED51A1D477B2D00B21270 /* CollegeClass.swift */ = {isa = PBXFileReference; fileEncoding = 4; lastKnownFileType = sourcecode.swift; path = CollegeClass.swift; sourceTree = SOURCE_ROOT; };
		450ED51C1D4783CF00B21270 /* DetailedViewController.swift */ = {isa = PBXFileReference; fileEncoding = 4; lastKnownFileType = sourcecode.swift; path = DetailedViewController.swift; sourceTree = "<group>"; };
/* End PBXFileReference section */

/* Begin PBXFrameworksBuildPhase section */
		450ED4E61D477ACA00B21270 /* Frameworks */ = {
			isa = PBXFrameworksBuildPhase;
			buildActionMask = 2147483647;
			files = (
			);
			runOnlyForDeploymentPostprocessing = 0;
		};
		450ED4FA1D477ACA00B21270 /* Frameworks */ = {
			isa = PBXFrameworksBuildPhase;
			buildActionMask = 2147483647;
			files = (
			);
			runOnlyForDeploymentPostprocessing = 0;
		};
		450ED5051D477ACA00B21270 /* Frameworks */ = {
			isa = PBXFrameworksBuildPhase;
			buildActionMask = 2147483647;
			files = (
			);
			runOnlyForDeploymentPostprocessing = 0;
		};
/* End PBXFrameworksBuildPhase section */

/* Begin PBXGroup section */
		450ED4E01D477ACA00B21270 = {
			isa = PBXGroup;
			children = (
				450ED4EB1D477ACA00B21270 /* College */,
				450ED5001D477ACA00B21270 /* CollegeTests */,
				450ED50B1D477ACA00B21270 /* CollegeUITests */,
				450ED4EA1D477ACA00B21270 /* Products */,
			);
			sourceTree = "<group>";
		};
		450ED4EA1D477ACA00B21270 /* Products */ = {
			isa = PBXGroup;
			children = (
				450ED4E91D477ACA00B21270 /* College.app */,
				450ED4FD1D477ACA00B21270 /* CollegeTests.xctest */,
				450ED5081D477ACA00B21270 /* CollegeUITests.xctest */,
			);
			name = Products;
			sourceTree = "<group>";
		};
		450ED4EB1D477ACA00B21270 /* College */ = {
			isa = PBXGroup;
			children = (
				450ED4EC1D477ACA00B21270 /* AppDelegate.swift */,
				450ED51A1D477B2D00B21270 /* CollegeClass.swift */,
				450ED4EE1D477ACA00B21270 /* ViewController.swift */,
				450ED51C1D4783CF00B21270 /* DetailedViewController.swift */,
				450ED4F01D477ACA00B21270 /* Main.storyboard */,
				450ED4F31D477ACA00B21270 /* Assets.xcassets */,
				450ED4F51D477ACA00B21270 /* LaunchScreen.storyboard */,
				450ED4F81D477ACA00B21270 /* Info.plist */,
			);
			path = College;
			sourceTree = "<group>";
		};
		450ED5001D477ACA00B21270 /* CollegeTests */ = {
			isa = PBXGroup;
			children = (
				450ED5011D477ACA00B21270 /* CollegeTests.swift */,
				450ED5031D477ACA00B21270 /* Info.plist */,
			);
			path = CollegeTests;
			sourceTree = "<group>";
		};
		450ED50B1D477ACA00B21270 /* CollegeUITests */ = {
			isa = PBXGroup;
			children = (
				450ED50C1D477ACA00B21270 /* CollegeUITests.swift */,
				450ED50E1D477ACA00B21270 /* Info.plist */,
			);
			path = CollegeUITests;
			sourceTree = "<group>";
		};
/* End PBXGroup section */

/* Begin PBXNativeTarget section */
		450ED4E81D477ACA00B21270 /* College */ = {
			isa = PBXNativeTarget;
			buildConfigurationList = 450ED5111D477ACA00B21270 /* Build configuration list for PBXNativeTarget "College" */;
			buildPhases = (
				450ED4E51D477ACA00B21270 /* Sources */,
				450ED4E61D477ACA00B21270 /* Frameworks */,
				450ED4E71D477ACA00B21270 /* Resources */,
			);
			buildRules = (
			);
			dependencies = (
			);
			name = College;
			productName = College;
			productReference = 450ED4E91D477ACA00B21270 /* College.app */;
			productType = "com.apple.product-type.application";
		};
		450ED4FC1D477ACA00B21270 /* CollegeTests */ = {
			isa = PBXNativeTarget;
			buildConfigurationList = 450ED5141D477ACA00B21270 /* Build configuration list for PBXNativeTarget "CollegeTests" */;
			buildPhases = (
				450ED4F91D477ACA00B21270 /* Sources */,
				450ED4FA1D477ACA00B21270 /* Frameworks */,
				450ED4FB1D477ACA00B21270 /* Resources */,
			);
			buildRules = (
			);
			dependencies = (
				450ED4FF1D477ACA00B21270 /* PBXTargetDependency */,
			);
			name = CollegeTests;
			productName = CollegeTests;
			productReference = 450ED4FD1D477ACA00B21270 /* CollegeTests.xctest */;
			productType = "com.apple.product-type.bundle.unit-test";
		};
		450ED5071D477ACA00B21270 /* CollegeUITests */ = {
			isa = PBXNativeTarget;
			buildConfigurationList = 450ED5171D477ACA00B21270 /* Build configuration list for PBXNativeTarget "CollegeUITests" */;
			buildPhases = (
				450ED5041D477ACA00B21270 /* Sources */,
				450ED5051D477ACA00B21270 /* Frameworks */,
				450ED5061D477ACA00B21270 /* Resources */,
			);
			buildRules = (
			);
			dependencies = (
				450ED50A1D477ACA00B21270 /* PBXTargetDependency */,
			);
			name = CollegeUITests;
			productName = CollegeUITests;
			productReference = 450ED5081D477ACA00B21270 /* CollegeUITests.xctest */;
			productType = "com.apple.product-type.bundle.ui-testing";
		};
/* End PBXNativeTarget section */

/* Begin PBXProject section */
		450ED4E11D477ACA00B21270 /* Project object */ = {
			isa = PBXProject;
			attributes = {
				LastSwiftUpdateCheck = 0730;
				LastUpgradeCheck = 0730;
				ORGANIZATIONNAME = "Zachary Rutherford";
				TargetAttributes = {
					450ED4E81D477ACA00B21270 = {
						CreatedOnToolsVersion = 7.3.1;
					};
					450ED4FC1D477ACA00B21270 = {
						CreatedOnToolsVersion = 7.3.1;
						TestTargetID = 450ED4E81D477ACA00B21270;
					};
					450ED5071D477ACA00B21270 = {
						CreatedOnToolsVersion = 7.3.1;
						TestTargetID = 450ED4E81D477ACA00B21270;
					};
				};
			};
			buildConfigurationList = 450ED4E41D477ACA00B21270 /* Build configuration list for PBXProject "College" */;
			compatibilityVersion = "Xcode 3.2";
			developmentRegion = English;
			hasScannedForEncodings = 0;
			knownRegions = (
				en,
				Base,
			);
			mainGroup = 450ED4E01D477ACA00B21270;
			productRefGroup = 450ED4EA1D477ACA00B21270 /* Products */;
			projectDirPath = "";
			projectRoot = "";
			targets = (
				450ED4E81D477ACA00B21270 /* College */,
				450ED4FC1D477ACA00B21270 /* CollegeTests */,
				450ED5071D477ACA00B21270 /* CollegeUITests */,
			);
		};
/* End PBXProject section */

/* Begin PBXResourcesBuildPhase section */
		450ED4E71D477ACA00B21270 /* Resources */ = {
			isa = PBXResourcesBuildPhase;
			buildActionMask = 2147483647;
			files = (
				450ED4F71D477ACA00B21270 /* LaunchScreen.storyboard in Resources */,
				450ED4F41D477ACA00B21270 /* Assets.xcassets in Resources */,
				450ED4F21D477ACA00B21270 /* Main.storyboard in Resources */,
			);
			runOnlyForDeploymentPostprocessing = 0;
		};
		450ED4FB1D477ACA00B21270 /* Resources */ = {
			isa = PBXResourcesBuildPhase;
			buildActionMask = 2147483647;
			files = (
			);
			runOnlyForDeploymentPostprocessing = 0;
		};
		450ED5061D477ACA00B21270 /* Resources */ = {
			isa = PBXResourcesBuildPhase;
			buildActionMask = 2147483647;
			files = (
			);
			runOnlyForDeploymentPostprocessing = 0;
		};
/* End PBXResourcesBuildPhase section */

/* Begin PBXSourcesBuildPhase section */
		450ED4E51D477ACA00B21270 /* Sources */ = {
			isa = PBXSourcesBuildPhase;
			buildActionMask = 2147483647;
			files = (
				450ED4EF1D477ACA00B21270 /* ViewController.swift in Sources */,
				450ED51B1D477B2D00B21270 /* CollegeClass.swift in Sources */,
				450ED51D1D4783CF00B21270 /* DetailedViewController.swift in Sources */,
				450ED4ED1D477ACA00B21270 /* AppDelegate.swift in Sources */,
			);
			runOnlyForDeploymentPostprocessing = 0;
		};
		450ED4F91D477ACA00B21270 /* Sources */ = {
			isa = PBXSourcesBuildPhase;
			buildActionMask = 2147483647;
			files = (
				450ED5021D477ACA00B21270 /* CollegeTests.swift in Sources */,
			);
			runOnlyForDeploymentPostprocessing = 0;
		};
		450ED5041D477ACA00B21270 /* Sources */ = {
			isa = PBXSourcesBuildPhase;
			buildActionMask = 2147483647;
			files = (
				450ED50D1D477ACA00B21270 /* CollegeUITests.swift in Sources */,
			);
			runOnlyForDeploymentPostprocessing = 0;
		};
/* End PBXSourcesBuildPhase section */

/* Begin PBXTargetDependency section */
		450ED4FF1D477ACA00B21270 /* PBXTargetDependency */ = {
			isa = PBXTargetDependency;
			target = 450ED4E81D477ACA00B21270 /* College */;
			targetProxy = 450ED4FE1D477ACA00B21270 /* PBXContainerItemProxy */;
		};
		450ED50A1D477ACA00B21270 /* PBXTargetDependency */ = {
			isa = PBXTargetDependency;
			target = 450ED4E81D477ACA00B21270 /* College */;
			targetProxy = 450ED5091D477ACA00B21270 /* PBXContainerItemProxy */;
		};
/* End PBXTargetDependency section */

/* Begin PBXVariantGroup section */
		450ED4F01D477ACA00B21270 /* Main.storyboard */ = {
			isa = PBXVariantGroup;
			children = (
				450ED4F11D477ACA00B21270 /* Base */,
			);
			name = Main.storyboard;
			sourceTree = "<group>";
		};
		450ED4F51D477ACA00B21270 /* LaunchScreen.storyboard */ = {
			isa = PBXVariantGroup;
			children = (
				450ED4F61D477ACA00B21270 /* Base */,
			);
			name = LaunchScreen.storyboard;
			sourceTree = "<group>";
		};
/* End PBXVariantGroup section */

/* Begin XCBuildConfiguration section */
		450ED50F1D477ACA00B21270 /* Debug */ = {
			isa = XCBuildConfiguration;
			buildSettings = {
				ALWAYS_SEARCH_USER_PATHS = NO;
				CLANG_ANALYZER_NONNULL = YES;
				CLANG_CXX_LANGUAGE_STANDARD = "gnu++0x";
				CLANG_CXX_LIBRARY = "libc++";
				CLANG_ENABLE_MODULES = YES;
				CLANG_ENABLE_OBJC_ARC = YES;
				CLANG_WARN_BOOL_CONVERSION = YES;
				CLANG_WARN_CONSTANT_CONVERSION = YES;
				CLANG_WARN_DIRECT_OBJC_ISA_USAGE = YES_ERROR;
				CLANG_WARN_EMPTY_BODY = YES;
				CLANG_WARN_ENUM_CONVERSION = YES;
				CLANG_WARN_INT_CONVERSION = YES;
				CLANG_WARN_OBJC_ROOT_CLASS = YES_ERROR;
				CLANG_WARN_UNREACHABLE_CODE = YES;
				CLANG_WARN__DUPLICATE_METHOD_MATCH = YES;
				"CODE_SIGN_IDENTITY[sdk=iphoneos*]" = "iPhone Developer";
				COPY_PHASE_STRIP = NO;
				DEBUG_INFORMATION_FORMAT = dwarf;
				ENABLE_STRICT_OBJC_MSGSEND = YES;
				ENABLE_TESTABILITY = YES;
				GCC_C_LANGUAGE_STANDARD = gnu99;
				GCC_DYNAMIC_NO_PIC = NO;
				GCC_NO_COMMON_BLOCKS = YES;
				GCC_OPTIMIZATION_LEVEL = 0;
				GCC_PREPROCESSOR_DEFINITIONS = (
					"DEBUG=1",
					"$(inherited)",
				);
				GCC_WARN_64_TO_32_BIT_CONVERSION = YES;
				GCC_WARN_ABOUT_RETURN_TYPE = YES_ERROR;
				GCC_WARN_UNDECLARED_SELECTOR = YES;
				GCC_WARN_UNINITIALIZED_AUTOS = YES_AGGRESSIVE;
				GCC_WARN_UNUSED_FUNCTION = YES;
				GCC_WARN_UNUSED_VARIABLE = YES;
				IPHONEOS_DEPLOYMENT_TARGET = 9.3;
				MTL_ENABLE_DEBUG_INFO = YES;
				ONLY_ACTIVE_ARCH = YES;
				SDKROOT = iphoneos;
				SWIFT_OPTIMIZATION_LEVEL = "-Onone";
				TARGETED_DEVICE_FAMILY = "1,2";
			};
			name = Debug;
		};
		450ED5101D477ACA00B21270 /* Release */ = {
			isa = XCBuildConfiguration;
			buildSettings = {
				ALWAYS_SEARCH_USER_PATHS = NO;
				CLANG_ANALYZER_NONNULL = YES;
				CLANG_CXX_LANGUAGE_STANDARD = "gnu++0x";
				CLANG_CXX_LIBRARY = "libc++";
				CLANG_ENABLE_MODULES = YES;
				CLANG_ENABLE_OBJC_ARC = YES;
				CLANG_WARN_BOOL_CONVERSION = YES;
				CLANG_WARN_CONSTANT_CONVERSION = YES;
				CLANG_WARN_DIRECT_OBJC_ISA_USAGE = YES_ERROR;
				CLANG_WARN_EMPTY_BODY = YES;
				CLANG_WARN_ENUM_CONVERSION = YES;
				CLANG_WARN_INT_CONVERSION = YES;
				CLANG_WARN_OBJC_ROOT_CLASS = YES_ERROR;
				CLANG_WARN_UNREACHABLE_CODE = YES;
				CLANG_WARN__DUPLICATE_METHOD_MATCH = YES;
				"CODE_SIGN_IDENTITY[sdk=iphoneos*]" = "iPhone Developer";
				COPY_PHASE_STRIP = NO;
				DEBUG_INFORMATION_FORMAT = "dwarf-with-dsym";
				ENABLE_NS_ASSERTIONS = NO;
				ENABLE_STRICT_OBJC_MSGSEND = YES;
				GCC_C_LANGUAGE_STANDARD = gnu99;
				GCC_NO_COMMON_BLOCKS = YES;
				GCC_WARN_64_TO_32_BIT_CONVERSION = YES;
				GCC_WARN_ABOUT_RETURN_TYPE = YES_ERROR;
				GCC_WARN_UNDECLARED_SELECTOR = YES;
				GCC_WARN_UNINITIALIZED_AUTOS = YES_AGGRESSIVE;
				GCC_WARN_UNUSED_FUNCTION = YES;
				GCC_WARN_UNUSED_VARIABLE = YES;
				IPHONEOS_DEPLOYMENT_TARGET = 9.3;
				MTL_ENABLE_DEBUG_INFO = NO;
				SDKROOT = iphoneos;
				TARGETED_DEVICE_FAMILY = "1,2";
				VALIDATE_PRODUCT = YES;
			};
			name = Release;
		};
		450ED5121D477ACA00B21270 /* Debug */ = {
			isa = XCBuildConfiguration;
			buildSettings = {
				ASSETCATALOG_COMPILER_APPICON_NAME = AppIcon;
				INFOPLIST_FILE = College/Info.plist;
				LD_RUNPATH_SEARCH_PATHS = "$(inherited) @executable_path/Frameworks";
				PRODUCT_BUNDLE_IDENTIFIER = com.me.College;
				PRODUCT_NAME = "$(TARGET_NAME)";
			};
			name = Debug;
		};
		450ED5131D477ACA00B21270 /* Release */ = {
			isa = XCBuildConfiguration;
			buildSettings = {
				ASSETCATALOG_COMPILER_APPICON_NAME = AppIcon;
				INFOPLIST_FILE = College/Info.plist;
				LD_RUNPATH_SEARCH_PATHS = "$(inherited) @executable_path/Frameworks";
				PRODUCT_BUNDLE_IDENTIFIER = com.me.College;
				PRODUCT_NAME = "$(TARGET_NAME)";
			};
			name = Release;
		};
		450ED5151D477ACA00B21270 /* Debug */ = {
			isa = XCBuildConfiguration;
			buildSettings = {
				BUNDLE_LOADER = "$(TEST_HOST)";
				INFOPLIST_FILE = CollegeTests/Info.plist;
				LD_RUNPATH_SEARCH_PATHS = "$(inherited) @executable_path/Frameworks @loader_path/Frameworks";
				PRODUCT_BUNDLE_IDENTIFIER = com.me.CollegeTests;
				PRODUCT_NAME = "$(TARGET_NAME)";
				TEST_HOST = "$(BUILT_PRODUCTS_DIR)/College.app/College";
			};
			name = Debug;
		};
		450ED5161D477ACA00B21270 /* Release */ = {
			isa = XCBuildConfiguration;
			buildSettings = {
				BUNDLE_LOADER = "$(TEST_HOST)";
				INFOPLIST_FILE = CollegeTests/Info.plist;
				LD_RUNPATH_SEARCH_PATHS = "$(inherited) @executable_path/Frameworks @loader_path/Frameworks";
				PRODUCT_BUNDLE_IDENTIFIER = com.me.CollegeTests;
				PRODUCT_NAME = "$(TARGET_NAME)";
				TEST_HOST = "$(BUILT_PRODUCTS_DIR)/College.app/College";
			};
			name = Release;
		};
		450ED5181D477ACA00B21270 /* Debug */ = {
			isa = XCBuildConfiguration;
			buildSettings = {
				INFOPLIST_FILE = CollegeUITests/Info.plist;
				LD_RUNPATH_SEARCH_PATHS = "$(inherited) @executable_path/Frameworks @loader_path/Frameworks";
				PRODUCT_BUNDLE_IDENTIFIER = com.me.CollegeUITests;
				PRODUCT_NAME = "$(TARGET_NAME)";
				TEST_TARGET_NAME = College;
			};
			name = Debug;
		};
		450ED5191D477ACA00B21270 /* Release */ = {
			isa = XCBuildConfiguration;
			buildSettings = {
				INFOPLIST_FILE = CollegeUITests/Info.plist;
				LD_RUNPATH_SEARCH_PATHS = "$(inherited) @executable_path/Frameworks @loader_path/Frameworks";
				PRODUCT_BUNDLE_IDENTIFIER = com.me.CollegeUITests;
				PRODUCT_NAME = "$(TARGET_NAME)";
				TEST_TARGET_NAME = College;
			};
			name = Release;
		};
/* End XCBuildConfiguration section */

/* Begin XCConfigurationList section */
		450ED4E41D477ACA00B21270 /* Build configuration list for PBXProject "College" */ = {
			isa = XCConfigurationList;
			buildConfigurations = (
				450ED50F1D477ACA00B21270 /* Debug */,
				450ED5101D477ACA00B21270 /* Release */,
			);
			defaultConfigurationIsVisible = 0;
			defaultConfigurationName = Release;
		};
		450ED5111D477ACA00B21270 /* Build configuration list for PBXNativeTarget "College" */ = {
			isa = XCConfigurationList;
			buildConfigurations = (
				450ED5121D477ACA00B21270 /* Debug */,
				450ED5131D477ACA00B21270 /* Release */,
			);
			defaultConfigurationIsVisible = 0;
		};
		450ED5141D477ACA00B21270 /* Build configuration list for PBXNativeTarget "CollegeTests" */ = {
			isa = XCConfigurationList;
			buildConfigurations = (
				450ED5151D477ACA00B21270 /* Debug */,
				450ED5161D477ACA00B21270 /* Release */,
			);
			defaultConfigurationIsVisible = 0;
		};
		450ED5171D477ACA00B21270 /* Build configuration list for PBXNativeTarget "CollegeUITests" */ = {
			isa = XCConfigurationList;
			buildConfigurations = (
				450ED5181D477ACA00B21270 /* Debug */,
				450ED5191D477ACA00B21270 /* Release */,
			);
			defaultConfigurationIsVisible = 0;
		};
/* End XCConfigurationList section */
	};
	rootObject = 450ED4E11D477ACA00B21270 /* Project object */;
}
